// !$*UTF8*$!
{
	archiveVersion = 1;
	classes = {
	};
	objectVersion = 46;
	objects = {

/* Begin PBXBuildFile section */
		3EB842C11DC34C54009C2398 /* main.m in Sources */ = {isa = PBXBuildFile; fileRef = 3EB842C01DC34C54009C2398 /* main.m */; };
		3EB842C41DC34C54009C2398 /* AppDelegate.m in Sources */ = {isa = PBXBuildFile; fileRef = 3EB842C31DC34C54009C2398 /* AppDelegate.m */; };
		3EB842C71DC34C54009C2398 /* ViewController.m in Sources */ = {isa = PBXBuildFile; fileRef = 3EB842C61DC34C54009C2398 /* ViewController.m */; };
		3EB842CA1DC34C54009C2398 /* Main.storyboard in Resources */ = {isa = PBXBuildFile; fileRef = 3EB842C81DC34C54009C2398 /* Main.storyboard */; };
		3EB842CD1DC34C54009C2398 /* LYC_UseTag.xcdatamodeld in Sources */ = {isa = PBXBuildFile; fileRef = 3EB842CB1DC34C54009C2398 /* LYC_UseTag.xcdatamodeld */; };
		3EB842CF1DC34C54009C2398 /* Assets.xcassets in Resources */ = {isa = PBXBuildFile; fileRef = 3EB842CE1DC34C54009C2398 /* Assets.xcassets */; };
		3EB842D21DC34C54009C2398 /* LaunchScreen.storyboard in Resources */ = {isa = PBXBuildFile; fileRef = 3EB842D01DC34C54009C2398 /* LaunchScreen.storyboard */; };
		3EB842DD1DC34C54009C2398 /* LYC_UseTagTests.m in Sources */ = {isa = PBXBuildFile; fileRef = 3EB842DC1DC34C54009C2398 /* LYC_UseTagTests.m */; };
		3EB842E81DC34C54009C2398 /* LYC_UseTagUITests.m in Sources */ = {isa = PBXBuildFile; fileRef = 3EB842E71DC34C54009C2398 /* LYC_UseTagUITests.m */; };
		3EB842FB1DC34D09009C2398 /* UIView+lyc_Frame.m in Sources */ = {isa = PBXBuildFile; fileRef = 3EB842FA1DC34D09009C2398 /* UIView+lyc_Frame.m */; };
		3EB842FE1DC739C6009C2398 /* LYCTagInfo.m in Sources */ = {isa = PBXBuildFile; fileRef = 3EB842FD1DC739C6009C2398 /* LYCTagInfo.m */; };
		3EB843011DC73EDB009C2398 /* LYCTagView.m in Sources */ = {isa = PBXBuildFile; fileRef = 3EB843001DC73EDB009C2398 /* LYCTagView.m */; };
		3ED51BCA1DD1722D004CB150 /* LYCTagImageView.m in Sources */ = {isa = PBXBuildFile; fileRef = 3ED51BC91DD1722D004CB150 /* LYCTagImageView.m */; };
		3EF06AC41E0BBDC20020C669 /* detail_1.jpeg in Resources */ = {isa = PBXBuildFile; fileRef = 3EF06AC11E0BBDC20020C669 /* detail_1.jpeg */; };
		3EF06AC51E0BBDC20020C669 /* detail_4.jpeg in Resources */ = {isa = PBXBuildFile; fileRef = 3EF06AC21E0BBDC20020C669 /* detail_4.jpeg */; };
		3EF06AC61E0BBDC20020C669 /* detail_5.jpeg in Resources */ = {isa = PBXBuildFile; fileRef = 3EF06AC31E0BBDC20020C669 /* detail_5.jpeg */; };
/* End PBXBuildFile section */

/* Begin PBXContainerItemProxy section */
		3EB842D91DC34C54009C2398 /* PBXContainerItemProxy */ = {
			isa = PBXContainerItemProxy;
			containerPortal = 3EB842B41DC34C54009C2398 /* Project object */;
			proxyType = 1;
			remoteGlobalIDString = 3EB842BB1DC34C54009C2398;
			remoteInfo = LYC_UseTag;
		};
		3EB842E41DC34C54009C2398 /* PBXContainerItemProxy */ = {
			isa = PBXContainerItemProxy;
			containerPortal = 3EB842B41DC34C54009C2398 /* Project object */;
			proxyType = 1;
			remoteGlobalIDString = 3EB842BB1DC34C54009C2398;
			remoteInfo = LYC_UseTag;
		};
/* End PBXContainerItemProxy section */

/* Begin PBXFileReference section */
		3EB842BC1DC34C54009C2398 /* LYC_UseTag.app */ = {isa = PBXFileReference; explicitFileType = wrapper.application; includeInIndex = 0; path = LYC_UseTag.app; sourceTree = BUILT_PRODUCTS_DIR; };
		3EB842C01DC34C54009C2398 /* main.m */ = {isa = PBXFileReference; lastKnownFileType = sourcecode.c.objc; path = main.m; sourceTree = "<group>"; };
		3EB842C21DC34C54009C2398 /* AppDelegate.h */ = {isa = PBXFileReference; lastKnownFileType = sourcecode.c.h; path = AppDelegate.h; sourceTree = "<group>"; };
		3EB842C31DC34C54009C2398 /* AppDelegate.m */ = {isa = PBXFileReference; lastKnownFileType = sourcecode.c.objc; path = AppDelegate.m; sourceTree = "<group>"; };
		3EB842C51DC34C54009C2398 /* ViewController.h */ = {isa = PBXFileReference; lastKnownFileType = sourcecode.c.h; path = ViewController.h; sourceTree = "<group>"; };
		3EB842C61DC34C54009C2398 /* ViewController.m */ = {isa = PBXFileReference; lastKnownFileType = sourcecode.c.objc; path = ViewController.m; sourceTree = "<group>"; };
		3EB842C91DC34C54009C2398 /* Base */ = {isa = PBXFileReference; lastKnownFileType = file.storyboard; name = Base; path = Base.lproj/Main.storyboard; sourceTree = "<group>"; };
		3EB842CC1DC34C54009C2398 /* LYC_UseTag.xcdatamodel */ = {isa = PBXFileReference; lastKnownFileType = wrapper.xcdatamodel; path = LYC_UseTag.xcdatamodel; sourceTree = "<group>"; };
		3EB842CE1DC34C54009C2398 /* Assets.xcassets */ = {isa = PBXFileReference; lastKnownFileType = folder.assetcatalog; path = Assets.xcassets; sourceTree = "<group>"; };
		3EB842D11DC34C54009C2398 /* Base */ = {isa = PBXFileReference; lastKnownFileType = file.storyboard; name = Base; path = Base.lproj/LaunchScreen.storyboard; sourceTree = "<group>"; };
		3EB842D31DC34C54009C2398 /* Info.plist */ = {isa = PBXFileReference; lastKnownFileType = text.plist.xml; path = Info.plist; sourceTree = "<group>"; };
		3EB842D81DC34C54009C2398 /* LYC_UseTagTests.xctest */ = {isa = PBXFileReference; explicitFileType = wrapper.cfbundle; includeInIndex = 0; path = LYC_UseTagTests.xctest; sourceTree = BUILT_PRODUCTS_DIR; };
		3EB842DC1DC34C54009C2398 /* LYC_UseTagTests.m */ = {isa = PBXFileReference; lastKnownFileType = sourcecode.c.objc; path = LYC_UseTagTests.m; sourceTree = "<group>"; };
		3EB842DE1DC34C54009C2398 /* Info.plist */ = {isa = PBXFileReference; lastKnownFileType = text.plist.xml; path = Info.plist; sourceTree = "<group>"; };
		3EB842E31DC34C54009C2398 /* LYC_UseTagUITests.xctest */ = {isa = PBXFileReference; explicitFileType = wrapper.cfbundle; includeInIndex = 0; path = LYC_UseTagUITests.xctest; sourceTree = BUILT_PRODUCTS_DIR; };
		3EB842E71DC34C54009C2398 /* LYC_UseTagUITests.m */ = {isa = PBXFileReference; lastKnownFileType = sourcecode.c.objc; path = LYC_UseTagUITests.m; sourceTree = "<group>"; };
		3EB842E91DC34C54009C2398 /* Info.plist */ = {isa = PBXFileReference; lastKnownFileType = text.plist.xml; path = Info.plist; sourceTree = "<group>"; };
		3EB842F91DC34D09009C2398 /* UIView+lyc_Frame.h */ = {isa = PBXFileReference; fileEncoding = 4; lastKnownFileType = sourcecode.c.h; path = "UIView+lyc_Frame.h"; sourceTree = "<group>"; };
		3EB842FA1DC34D09009C2398 /* UIView+lyc_Frame.m */ = {isa = PBXFileReference; fileEncoding = 4; lastKnownFileType = sourcecode.c.objc; path = "UIView+lyc_Frame.m"; sourceTree = "<group>"; };
		3EB842FC1DC739C6009C2398 /* LYCTagInfo.h */ = {isa = PBXFileReference; fileEncoding = 4; lastKnownFileType = sourcecode.c.h; path = LYCTagInfo.h; sourceTree = "<group>"; };
		3EB842FD1DC739C6009C2398 /* LYCTagInfo.m */ = {isa = PBXFileReference; fileEncoding = 4; lastKnownFileType = sourcecode.c.objc; path = LYCTagInfo.m; sourceTree = "<group>"; };
		3EB842FF1DC73EDB009C2398 /* LYCTagView.h */ = {isa = PBXFileReference; fileEncoding = 4; lastKnownFileType = sourcecode.c.h; path = LYCTagView.h; sourceTree = "<group>"; };
		3EB843001DC73EDB009C2398 /* LYCTagView.m */ = {isa = PBXFileReference; fileEncoding = 4; lastKnownFileType = sourcecode.c.objc; path = LYCTagView.m; sourceTree = "<group>"; };
		3ED51BC81DD1722D004CB150 /* LYCTagImageView.h */ = {isa = PBXFileReference; fileEncoding = 4; lastKnownFileType = sourcecode.c.h; path = LYCTagImageView.h; sourceTree = "<group>"; };
		3ED51BC91DD1722D004CB150 /* LYCTagImageView.m */ = {isa = PBXFileReference; fileEncoding = 4; lastKnownFileType = sourcecode.c.objc; path = LYCTagImageView.m; sourceTree = "<group>"; };
		3EF06AC11E0BBDC20020C669 /* detail_1.jpeg */ = {isa = PBXFileReference; lastKnownFileType = image.jpeg; path = detail_1.jpeg; sourceTree = "<group>"; };
		3EF06AC21E0BBDC20020C669 /* detail_4.jpeg */ = {isa = PBXFileReference; lastKnownFileType = image.jpeg; path = detail_4.jpeg; sourceTree = "<group>"; };
		3EF06AC31E0BBDC20020C669 /* detail_5.jpeg */ = {isa = PBXFileReference; lastKnownFileType = image.jpeg; path = detail_5.jpeg; sourceTree = "<group>"; };
/* End PBXFileReference section */

/* Begin PBXFrameworksBuildPhase section */
		3EB842B91DC34C54009C2398 /* Frameworks */ = {
			isa = PBXFrameworksBuildPhase;
			buildActionMask = 2147483647;
			files = (
			);
			runOnlyForDeploymentPostprocessing = 0;
		};
		3EB842D51DC34C54009C2398 /* Frameworks */ = {
			isa = PBXFrameworksBuildPhase;
			buildActionMask = 2147483647;
			files = (
			);
			runOnlyForDeploymentPostprocessing = 0;
		};
		3EB842E01DC34C54009C2398 /* Frameworks */ = {
			isa = PBXFrameworksBuildPhase;
			buildActionMask = 2147483647;
			files = (
			);
			runOnlyForDeploymentPostprocessing = 0;
		};
/* End PBXFrameworksBuildPhase section */

/* Begin PBXGroup section */
		3EB842B31DC34C54009C2398 = {
			isa = PBXGroup;
			children = (
				3EB842BE1DC34C54009C2398 /* LYC_UseTag */,
				3EB842DB1DC34C54009C2398 /* LYC_UseTagTests */,
				3EB842E61DC34C54009C2398 /* LYC_UseTagUITests */,
				3EB842BD1DC34C54009C2398 /* Products */,
			);
			sourceTree = "<group>";
		};
		3EB842BD1DC34C54009C2398 /* Products */ = {
			isa = PBXGroup;
			children = (
				3EB842BC1DC34C54009C2398 /* LYC_UseTag.app */,
				3EB842D81DC34C54009C2398 /* LYC_UseTagTests.xctest */,
				3EB842E31DC34C54009C2398 /* LYC_UseTagUITests.xctest */,
			);
			name = Products;
			sourceTree = "<group>";
		};
		3EB842BE1DC34C54009C2398 /* LYC_UseTag */ = {
			isa = PBXGroup;
			children = (
				3EB842F51DC34CD3009C2398 /* LYC_TagViewSupportFile */,
				3EB842C21DC34C54009C2398 /* AppDelegate.h */,
				3EB842C31DC34C54009C2398 /* AppDelegate.m */,
				3EB842C51DC34C54009C2398 /* ViewController.h */,
				3EB842C61DC34C54009C2398 /* ViewController.m */,
				3EB842C81DC34C54009C2398 /* Main.storyboard */,
				3EB842CE1DC34C54009C2398 /* Assets.xcassets */,
				3EB842D01DC34C54009C2398 /* LaunchScreen.storyboard */,
				3EB842D31DC34C54009C2398 /* Info.plist */,
				3EB842CB1DC34C54009C2398 /* LYC_UseTag.xcdatamodeld */,
				3EB842BF1DC34C54009C2398 /* Supporting Files */,
			);
			path = LYC_UseTag;
			sourceTree = "<group>";
		};
		3EB842BF1DC34C54009C2398 /* Supporting Files */ = {
			isa = PBXGroup;
			children = (
				3EB842C01DC34C54009C2398 /* main.m */,
			);
			name = "Supporting Files";
			sourceTree = "<group>";
		};
		3EB842DB1DC34C54009C2398 /* LYC_UseTagTests */ = {
			isa = PBXGroup;
			children = (
				3EB842DC1DC34C54009C2398 /* LYC_UseTagTests.m */,
				3EB842DE1DC34C54009C2398 /* Info.plist */,
			);
			path = LYC_UseTagTests;
			sourceTree = "<group>";
		};
		3EB842E61DC34C54009C2398 /* LYC_UseTagUITests */ = {
			isa = PBXGroup;
			children = (
				3EB842E71DC34C54009C2398 /* LYC_UseTagUITests.m */,
				3EB842E91DC34C54009C2398 /* Info.plist */,
			);
			path = LYC_UseTagUITests;
			sourceTree = "<group>";
		};
		3EB842F51DC34CD3009C2398 /* LYC_TagViewSupportFile */ = {
			isa = PBXGroup;
			children = (
				3EF06AC11E0BBDC20020C669 /* detail_1.jpeg */,
				3EF06AC21E0BBDC20020C669 /* detail_4.jpeg */,
				3EF06AC31E0BBDC20020C669 /* detail_5.jpeg */,
				3EB842F91DC34D09009C2398 /* UIView+lyc_Frame.h */,
				3EB842FA1DC34D09009C2398 /* UIView+lyc_Frame.m */,
				3EB842FC1DC739C6009C2398 /* LYCTagInfo.h */,
				3EB842FD1DC739C6009C2398 /* LYCTagInfo.m */,
				3EB842FF1DC73EDB009C2398 /* LYCTagView.h */,
				3EB843001DC73EDB009C2398 /* LYCTagView.m */,
				3ED51BC81DD1722D004CB150 /* LYCTagImageView.h */,
				3ED51BC91DD1722D004CB150 /* LYCTagImageView.m */,
			);
			path = LYC_TagViewSupportFile;
			sourceTree = "<group>";
		};
/* End PBXGroup section */

/* Begin PBXNativeTarget section */
		3EB842BB1DC34C54009C2398 /* LYC_UseTag */ = {
			isa = PBXNativeTarget;
			buildConfigurationList = 3EB842EC1DC34C54009C2398 /* Build configuration list for PBXNativeTarget "LYC_UseTag" */;
			buildPhases = (
				3EB842B81DC34C54009C2398 /* Sources */,
				3EB842B91DC34C54009C2398 /* Frameworks */,
				3EB842BA1DC34C54009C2398 /* Resources */,
			);
			buildRules = (
			);
			dependencies = (
			);
			name = LYC_UseTag;
			productName = LYC_UseTag;
			productReference = 3EB842BC1DC34C54009C2398 /* LYC_UseTag.app */;
			productType = "com.apple.product-type.application";
		};
		3EB842D71DC34C54009C2398 /* LYC_UseTagTests */ = {
			isa = PBXNativeTarget;
			buildConfigurationList = 3EB842EF1DC34C54009C2398 /* Build configuration list for PBXNativeTarget "LYC_UseTagTests" */;
			buildPhases = (
				3EB842D41DC34C54009C2398 /* Sources */,
				3EB842D51DC34C54009C2398 /* Frameworks */,
				3EB842D61DC34C54009C2398 /* Resources */,
			);
			buildRules = (
			);
			dependencies = (
				3EB842DA1DC34C54009C2398 /* PBXTargetDependency */,
			);
			name = LYC_UseTagTests;
			productName = LYC_UseTagTests;
			productReference = 3EB842D81DC34C54009C2398 /* LYC_UseTagTests.xctest */;
			productType = "com.apple.product-type.bundle.unit-test";
		};
		3EB842E21DC34C54009C2398 /* LYC_UseTagUITests */ = {
			isa = PBXNativeTarget;
			buildConfigurationList = 3EB842F21DC34C54009C2398 /* Build configuration list for PBXNativeTarget "LYC_UseTagUITests" */;
			buildPhases = (
				3EB842DF1DC34C54009C2398 /* Sources */,
				3EB842E01DC34C54009C2398 /* Frameworks */,
				3EB842E11DC34C54009C2398 /* Resources */,
			);
			buildRules = (
			);
			dependencies = (
				3EB842E51DC34C54009C2398 /* PBXTargetDependency */,
			);
			name = LYC_UseTagUITests;
			productName = LYC_UseTagUITests;
			productReference = 3EB842E31DC34C54009C2398 /* LYC_UseTagUITests.xctest */;
			productType = "com.apple.product-type.bundle.ui-testing";
		};
/* End PBXNativeTarget section */

/* Begin PBXProject section */
		3EB842B41DC34C54009C2398 /* Project object */ = {
			isa = PBXProject;
			attributes = {
				LastUpgradeCheck = 0730;
				ORGANIZATIONNAME = "李娜";
				TargetAttributes = {
					3EB842BB1DC34C54009C2398 = {
						CreatedOnToolsVersion = 7.3.1;
						DevelopmentTeam = XVEWJ9A847;
					};
					3EB842D71DC34C54009C2398 = {
						CreatedOnToolsVersion = 7.3.1;
						TestTargetID = 3EB842BB1DC34C54009C2398;
					};
					3EB842E21DC34C54009C2398 = {
						CreatedOnToolsVersion = 7.3.1;
						TestTargetID = 3EB842BB1DC34C54009C2398;
					};
				};
			};
			buildConfigurationList = 3EB842B71DC34C54009C2398 /* Build configuration list for PBXProject "LYC_UseTag" */;
			compatibilityVersion = "Xcode 3.2";
			developmentRegion = English;
			hasScannedForEncodings = 0;
			knownRegions = (
				en,
				Base,
			);
			mainGroup = 3EB842B31DC34C54009C2398;
			productRefGroup = 3EB842BD1DC34C54009C2398 /* Products */;
			projectDirPath = "";
			projectRoot = "";
			targets = (
				3EB842BB1DC34C54009C2398 /* LYC_UseTag */,
				3EB842D71DC34C54009C2398 /* LYC_UseTagTests */,
				3EB842E21DC34C54009C2398 /* LYC_UseTagUITests */,
			);
		};
/* End PBXProject section */

/* Begin PBXResourcesBuildPhase section */
		3EB842BA1DC34C54009C2398 /* Resources */ = {
			isa = PBXResourcesBuildPhase;
			buildActionMask = 2147483647;
			files = (
				3EB842D21DC34C54009C2398 /* LaunchScreen.storyboard in Resources */,
				3EF06AC51E0BBDC20020C669 /* detail_4.jpeg in Resources */,
				3EF06AC61E0BBDC20020C669 /* detail_5.jpeg in Resources */,
				3EB842CF1DC34C54009C2398 /* Assets.xcassets in Resources */,
				3EB842CA1DC34C54009C2398 /* Main.storyboard in Resources */,
				3EF06AC41E0BBDC20020C669 /* detail_1.jpeg in Resources */,
			);
			runOnlyForDeploymentPostprocessing = 0;
		};
		3EB842D61DC34C54009C2398 /* Resources */ = {
			isa = PBXResourcesBuildPhase;
			buildActionMask = 2147483647;
			files = (
			);
			runOnlyForDeploymentPostprocessing = 0;
		};
		3EB842E11DC34C54009C2398 /* Resources */ = {
			isa = PBXResourcesBuildPhase;
			buildActionMask = 2147483647;
			files = (
			);
			runOnlyForDeploymentPostprocessing = 0;
		};
/* End PBXResourcesBuildPhase section */

/* Begin PBXSourcesBuildPhase section */
		3EB842B81DC34C54009C2398 /* Sources */ = {
			isa = PBXSourcesBuildPhase;
			buildActionMask = 2147483647;
			files = (
				3EB842C71DC34C54009C2398 /* ViewController.m in Sources */,
				3EB842FB1DC34D09009C2398 /* UIView+lyc_Frame.m in Sources */,
				3EB842C41DC34C54009C2398 /* AppDelegate.m in Sources */,
				3EB842C11DC34C54009C2398 /* main.m in Sources */,
				3EB842CD1DC34C54009C2398 /* LYC_UseTag.xcdatamodeld in Sources */,
				3EB842FE1DC739C6009C2398 /* LYCTagInfo.m in Sources */,
				3ED51BCA1DD1722D004CB150 /* LYCTagImageView.m in Sources */,
				3EB843011DC73EDB009C2398 /* LYCTagView.m in Sources */,
			);
			runOnlyForDeploymentPostprocessing = 0;
		};
		3EB842D41DC34C54009C2398 /* Sources */ = {
			isa = PBXSourcesBuildPhase;
			buildActionMask = 2147483647;
			files = (
				3EB842DD1DC34C54009C2398 /* LYC_UseTagTests.m in Sources */,
			);
			runOnlyForDeploymentPostprocessing = 0;
		};
		3EB842DF1DC34C54009C2398 /* Sources */ = {
			isa = PBXSourcesBuildPhase;
			buildActionMask = 2147483647;
			files = (
				3EB842E81DC34C54009C2398 /* LYC_UseTagUITests.m in Sources */,
			);
			runOnlyForDeploymentPostprocessing = 0;
		};
/* End PBXSourcesBuildPhase section */

/* Begin PBXTargetDependency section */
		3EB842DA1DC34C54009C2398 /* PBXTargetDependency */ = {
			isa = PBXTargetDependency;
			target = 3EB842BB1DC34C54009C2398 /* LYC_UseTag */;
			targetProxy = 3EB842D91DC34C54009C2398 /* PBXContainerItemProxy */;
		};
		3EB842E51DC34C54009C2398 /* PBXTargetDependency */ = {
			isa = PBXTargetDependency;
			target = 3EB842BB1DC34C54009C2398 /* LYC_UseTag */;
			targetProxy = 3EB842E41DC34C54009C2398 /* PBXContainerItemProxy */;
		};
/* End PBXTargetDependency section */

/* Begin PBXVariantGroup section */
		3EB842C81DC34C54009C2398 /* Main.storyboard */ = {
			isa = PBXVariantGroup;
			children = (
				3EB842C91DC34C54009C2398 /* Base */,
			);
			name = Main.storyboard;
			sourceTree = "<group>";
		};
		3EB842D01DC34C54009C2398 /* LaunchScreen.storyboard */ = {
			isa = PBXVariantGroup;
			children = (
				3EB842D11DC34C54009C2398 /* Base */,
			);
			name = LaunchScreen.storyboard;
			sourceTree = "<group>";
		};
/* End PBXVariantGroup section */

/* Begin XCBuildConfiguration section */
		3EB842EA1DC34C54009C2398 /* Debug */ = {
			isa = XCBuildConfiguration;
			buildSettings = {
				ALWAYS_SEARCH_USER_PATHS = NO;
				CLANG_ANALYZER_NONNULL = YES;
				CLANG_CXX_LANGUAGE_STANDARD = "gnu++0x";
				CLANG_CXX_LIBRARY = "libc++";
				CLANG_ENABLE_MODULES = YES;
				CLANG_ENABLE_OBJC_ARC = YES;
				CLANG_WARN_BOOL_CONVERSION = YES;
				CLANG_WARN_CONSTANT_CONVERSION = YES;
				CLANG_WARN_DIRECT_OBJC_ISA_USAGE = YES_ERROR;
				CLANG_WARN_EMPTY_BODY = YES;
				CLANG_WARN_ENUM_CONVERSION = YES;
				CLANG_WARN_INT_CONVERSION = YES;
				CLANG_WARN_OBJC_ROOT_CLASS = YES_ERROR;
				CLANG_WARN_UNREACHABLE_CODE = YES;
				CLANG_WARN__DUPLICATE_METHOD_MATCH = YES;
				"CODE_SIGN_IDENTITY[sdk=iphoneos*]" = "iPhone Developer";
				COPY_PHASE_STRIP = NO;
				DEBUG_INFORMATION_FORMAT = dwarf;
				ENABLE_STRICT_OBJC_MSGSEND = YES;
				ENABLE_TESTABILITY = YES;
				GCC_C_LANGUAGE_STANDARD = gnu99;
				GCC_DYNAMIC_NO_PIC = NO;
				GCC_NO_COMMON_BLOCKS = YES;
				GCC_OPTIMIZATION_LEVEL = 0;
				GCC_PREPROCESSOR_DEFINITIONS = (
					"DEBUG=1",
					"$(inherited)",
				);
				GCC_WARN_64_TO_32_BIT_CONVERSION = YES;
				GCC_WARN_ABOUT_RETURN_TYPE = YES_ERROR;
				GCC_WARN_UNDECLARED_SELECTOR = YES;
				GCC_WARN_UNINITIALIZED_AUTOS = YES_AGGRESSIVE;
				GCC_WARN_UNUSED_FUNCTION = YES;
				GCC_WARN_UNUSED_VARIABLE = YES;
				IPHONEOS_DEPLOYMENT_TARGET = 9.3;
				MTL_ENABLE_DEBUG_INFO = YES;
				ONLY_ACTIVE_ARCH = YES;
				SDKROOT = iphoneos;
				TARGETED_DEVICE_FAMILY = "1,2";
			};
			name = Debug;
		};
		3EB842EB1DC34C54009C2398 /* Release */ = {
			isa = XCBuildConfiguration;
			buildSettings = {
				ALWAYS_SEARCH_USER_PATHS = NO;
				CLANG_ANALYZER_NONNULL = YES;
				CLANG_CXX_LANGUAGE_STANDARD = "gnu++0x";
				CLANG_CXX_LIBRARY = "libc++";
				CLANG_ENABLE_MODULES = YES;
				CLANG_ENABLE_OBJC_ARC = YES;
				CLANG_WARN_BOOL_CONVERSION = YES;
				CLANG_WARN_CONSTANT_CONVERSION = YES;
				CLANG_WARN_DIRECT_OBJC_ISA_USAGE = YES_ERROR;
				CLANG_WARN_EMPTY_BODY = YES;
				CLANG_WARN_ENUM_CONVERSION = YES;
				CLANG_WARN_INT_CONVERSION = YES;
				CLANG_WARN_OBJC_ROOT_CLASS = YES_ERROR;
				CLANG_WARN_UNREACHABLE_CODE = YES;
				CLANG_WARN__DUPLICATE_METHOD_MATCH = YES;
				"CODE_SIGN_IDENTITY[sdk=iphoneos*]" = "iPhone Developer";
				COPY_PHASE_STRIP = NO;
				DEBUG_INFORMATION_FORMAT = "dwarf-with-dsym";
				ENABLE_NS_ASSERTIONS = NO;
				ENABLE_STRICT_OBJC_MSGSEND = YES;
				GCC_C_LANGUAGE_STANDARD = gnu99;
				GCC_NO_COMMON_BLOCKS = YES;
				GCC_WARN_64_TO_32_BIT_CONVERSION = YES;
				GCC_WARN_ABOUT_RETURN_TYPE = YES_ERROR;
				GCC_WARN_UNDECLARED_SELECTOR = YES;
				GCC_WARN_UNINITIALIZED_AUTOS = YES_AGGRESSIVE;
				GCC_WARN_UNUSED_FUNCTION = YES;
				GCC_WARN_UNUSED_VARIABLE = YES;
				IPHONEOS_DEPLOYMENT_TARGET = 9.3;
				MTL_ENABLE_DEBUG_INFO = NO;
				SDKROOT = iphoneos;
				TARGETED_DEVICE_FAMILY = "1,2";
				VALIDATE_PRODUCT = YES;
			};
			name = Release;
		};
		3EB842ED1DC34C54009C2398 /* Debug */ = {
			isa = XCBuildConfiguration;
			buildSettings = {
				ASSETCATALOG_COMPILER_APPICON_NAME = AppIcon;
				CODE_SIGN_IDENTITY = "iPhone Developer";
				"CODE_SIGN_IDENTITY[sdk=iphoneos*]" = "iPhone Developer";
				INFOPLIST_FILE = LYC_UseTag/Info.plist;
				LD_RUNPATH_SEARCH_PATHS = "$(inherited) @executable_path/Frameworks";
				PRODUCT_BUNDLE_IDENTIFIER = "YuciSister.LYC-UseTag";
				PRODUCT_NAME = "$(TARGET_NAME)";
				PROVISIONING_PROFILE = "";
			};
			name = Debug;
		};
		3EB842EE1DC34C54009C2398 /* Release */ = {
			isa = XCBuildConfiguration;
			buildSettings = {
				ASSETCATALOG_COMPILER_APPICON_NAME = AppIcon;
				CODE_SIGN_IDENTITY = "iPhone Developer";
				"CODE_SIGN_IDENTITY[sdk=iphoneos*]" = "iPhone Developer";
				INFOPLIST_FILE = LYC_UseTag/Info.plist;
				LD_RUNPATH_SEARCH_PATHS = "$(inherited) @executable_path/Frameworks";
				PRODUCT_BUNDLE_IDENTIFIER = "YuciSister.LYC-UseTag";
				PRODUCT_NAME = "$(TARGET_NAME)";
				PROVISIONING_PROFILE = "";
			};
			name = Release;
		};
		3EB842F01DC34C54009C2398 /* Debug */ = {
			isa = XCBuildConfiguration;
			buildSettings = {
				BUNDLE_LOADER = "$(TEST_HOST)";
				INFOPLIST_FILE = LYC_UseTagTests/Info.plist;
				LD_RUNPATH_SEARCH_PATHS = "$(inherited) @executable_path/Frameworks @loader_path/Frameworks";
				PRODUCT_BUNDLE_IDENTIFIER = "YuciSister.LYC-UseTagTests";
				PRODUCT_NAME = "$(TARGET_NAME)";
				TEST_HOST = "$(BUILT_PRODUCTS_DIR)/LYC_UseTag.app/LYC_UseTag";
			};
			name = Debug;
		};
		3EB842F11DC34C54009C2398 /* Release */ = {
			isa = XCBuildConfiguration;
			buildSettings = {
				BUNDLE_LOADER = "$(TEST_HOST)";
				INFOPLIST_FILE = LYC_UseTagTests/Info.plist;
				LD_RUNPATH_SEARCH_PATHS = "$(inherited) @executable_path/Frameworks @loader_path/Frameworks";
				PRODUCT_BUNDLE_IDENTIFIER = "YuciSister.LYC-UseTagTests";
				PRODUCT_NAME = "$(TARGET_NAME)";
				TEST_HOST = "$(BUILT_PRODUCTS_DIR)/LYC_UseTag.app/LYC_UseTag";
			};
			name = Release;
		};
		3EB842F31DC34C54009C2398 /* Debug */ = {
			isa = XCBuildConfiguration;
			buildSettings = {
				INFOPLIST_FILE = LYC_UseTagUITests/Info.plist;
				LD_RUNPATH_SEARCH_PATHS = "$(inherited) @executable_path/Frameworks @loader_path/Frameworks";
				PRODUCT_BUNDLE_IDENTIFIER = "YuciSister.LYC-UseTagUITests";
				PRODUCT_NAME = "$(TARGET_NAME)";
				TEST_TARGET_NAME = LYC_UseTag;
			};
			name = Debug;
		};
		3EB842F41DC34C54009C2398 /* Release */ = {
			isa = XCBuildConfiguration;
			buildSettings = {
				INFOPLIST_FILE = LYC_UseTagUITests/Info.plist;
				LD_RUNPATH_SEARCH_PATHS = "$(inherited) @executable_path/Frameworks @loader_path/Frameworks";
				PRODUCT_BUNDLE_IDENTIFIER = "YuciSister.LYC-UseTagUITests";
				PRODUCT_NAME = "$(TARGET_NAME)";
				TEST_TARGET_NAME = LYC_UseTag;
			};
			name = Release;
		};
/* End XCBuildConfiguration section */

/* Begin XCConfigurationList section */
		3EB842B71DC34C54009C2398 /* Build configuration list for PBXProject "LYC_UseTag" */ = {
			isa = XCConfigurationList;
			buildConfigurations = (
				3EB842EA1DC34C54009C2398 /* Debug */,
				3EB842EB1DC34C54009C2398 /* Release */,
			);
			defaultConfigurationIsVisible = 0;
			defaultConfigurationName = Release;
		};
		3EB842EC1DC34C54009C2398 /* Build configuration list for PBXNativeTarget "LYC_UseTag" */ = {
			isa = XCConfigurationList;
			buildConfigurations = (
				3EB842ED1DC34C54009C2398 /* Debug */,
				3EB842EE1DC34C54009C2398 /* Release */,
			);
			defaultConfigurationIsVisible = 0;
			defaultConfigurationName = Release;
		};
		3EB842EF1DC34C54009C2398 /* Build configuration list for PBXNativeTarget "LYC_UseTagTests" */ = {
			isa = XCConfigurationList;
			buildConfigurations = (
				3EB842F01DC34C54009C2398 /* Debug */,
				3EB842F11DC34C54009C2398 /* Release */,
			);
			defaultConfigurationIsVisible = 0;
			defaultConfigurationName = Release;
		};
		3EB842F21DC34C54009C2398 /* Build configuration list for PBXNativeTarget "LYC_UseTagUITests" */ = {
			isa = XCConfigurationList;
			buildConfigurations = (
				3EB842F31DC34C54009C2398 /* Debug */,
				3EB842F41DC34C54009C2398 /* Release */,
			);
			defaultConfigurationIsVisible = 0;
			defaultConfigurationName = Release;
		};
/* End XCConfigurationList section */

/* Begin XCVersionGroup section */
		3EB842CB1DC34C54009C2398 /* LYC_UseTag.xcdatamodeld */ = {
			isa = XCVersionGroup;
			children = (
				3EB842CC1DC34C54009C2398 /* LYC_UseTag.xcdatamodel */,
			);
			currentVersion = 3EB842CC1DC34C54009C2398 /* LYC_UseTag.xcdatamodel */;
			path = LYC_UseTag.xcdatamodeld;
			sourceTree = "<group>";
			versionGroupType = wrapper.xcdatamodel;
		};
/* End XCVersionGroup section */
	};
	rootObject = 3EB842B41DC34C54009C2398 /* Project object */;
}
